<?xml version="1.0" encoding="utf-8"?>
<Project ToolsVersion="4.0" xmlns="http://schemas.microsoft.com/developer/msbuild/2003">
  <ItemGroup>
    <Filter Include="source">
      <UniqueIdentifier>{9d5c4fc6-26f0-46e9-9168-da1a2ecb4351}</UniqueIdentifier>
      <Extensions>cpp;c;cxx;def;odl;idl;hpj;bat;asm</Extensions>
    </Filter>
    <Filter Include="include">
      <UniqueIdentifier>{4399be1b-2a58-41a3-ae04-cd527ad05985}</UniqueIdentifier>
      <Extensions>h;hpp;hxx;hm;inl;inc</Extensions>
    </Filter>
    <Filter Include="resource">
      <UniqueIdentifier>{eff9f29a-4a4f-42cc-b507-377173ed7cb0}</UniqueIdentifier>
      <Extensions>rc;ico;cur;bmp;dlg;rc2;rct;bin;rgs;jpg;jpeg;jpe;png;manifest</Extensions>
    </Filter>
  </ItemGroup>
  <ItemGroup>
    <ClInclude Include="resource.h">
      <Filter>include</Filter>
    </ClInclude>
    <ClInclude Include="main.h">
      <Filter>include</Filter>
    </ClInclude>
    <ClInclude Include="..\Classes\AppDelegate.h">
      <Filter>include</Filter>
    </ClInclude>
    <ClInclude Include="..\Classes\HelloWorldScene.h">
      <Filter>include</Filter>
    </ClInclude>
    <ClInclude Include="..\Classes\SneakyInput\SneakyButton.h">
      <Filter>include</Filter>
    </ClInclude>
    <ClInclude Include="..\Classes\SneakyInput\SneakyButtonSkinnedBase.h">
      <Filter>include</Filter>
    </ClInclude>
    <ClInclude Include="..\Classes\SneakyInput\SneakyJoystick.h">
      <Filter>include</Filter>
    </ClInclude>
    <ClInclude Include="..\Classes\SneakyInput\SneakyJoystickSkinnedBase.h">
      <Filter>include</Filter>
    </ClInclude>
    <ClInclude Include="SneakyInputEx.h">
      <Filter>include</Filter>
    </ClInclude>
    <ClInclude Include="GameManager.h">
      <Filter>include</Filter>
    </ClInclude>
    <ClInclude Include="GameMenu.h">
      <Filter>include</Filter>
    </ClInclude>
    <ClInclude Include="GameScene.h">
      <Filter>include</Filter>
    </ClInclude>
    <ClInclude Include="GameSceneBgLayer.h">
      <Filter>include</Filter>
    </ClInclude>
    <ClInclude Include="System.h">
      <Filter>include</Filter>
    </ClInclude>
  </ItemGroup>
  <ItemGroup>
    <ClCompile Include="main.cpp">
      <Filter>source</Filter>
    </ClCompile>
    <ClCompile Include="..\Classes\AppDelegate.cpp">
      <Filter>source</Filter>
    </ClCompile>
    <ClCompile Include="..\Classes\HelloWorldScene.cpp">
      <Filter>source</Filter>
    </ClCompile>
    <ClCompile Include="..\Classes\SneakyInput\SneakyButton.cpp">
      <Filter>source</Filter>
    </ClCompile>
    <ClCompile Include="..\Classes\SneakyInput\SneakyButtonSkinnedBase.cpp">
      <Filter>source</Filter>
    </ClCompile>
    <ClCompile Include="..\Classes\SneakyInput\SneakyJoystick.cpp">
      <Filter>source</Filter>
    </ClCompile>
    <ClCompile Include="..\Classes\SneakyInput\SneakyJoystickSkinnedBase.cpp">
      <Filter>source</Filter>
    </ClCompile>
    <ClCompile Include="SneakyInputEx.cpp">
      <Filter>source</Filter>
    </ClCompile>
    <ClCompile Include="GameManager.cpp">
      <Filter>source</Filter>
    </ClCompile>
    <ClCompile Include="GameMenu.cpp">
      <Filter>source</Filter>
    </ClCompile>
    <ClCompile Include="GameScene.cpp">
      <Filter>source</Filter>
    </ClCompile>
    <ClCompile Include="GameSceneBgLayer.cpp">
      <Filter>source</Filter>
    </ClCompile>
    <ClCompile Include="System.cpp">
      <Filter>source</Filter>
    </ClCompile>
  </ItemGroup>
  <ItemGroup>
    <None Include="..\Resources\images.plist">
      <Filter>resource</Filter>
    </None>
    <None Include="..\Resources\images-hd.plist">
      <Filter>resource</Filter>
    </None>
    <None Include="..\Resources\fps_images.fnt">
      <Filter>resource</Filter>
    </None>
  </ItemGroup>
  <ItemGroup>
    <Image Include="..\Resources\images.png">
      <Filter>resource</Filter>
    </Image>
    <Image Include="..\Resources\images-hd.png">
      <Filter>resource</Filter>
    </Image>
    <Image Include="..\Resources\fps_images.png">
      <Filter>resource</Filter>
    </Image>
  </ItemGroup>
  <ItemGroup>
    <Media Include="..\Resources\hit.wav">
      <Filter>resource</Filter>
    </Media>
    <Media Include="..\Resources\music.mp3">
      <Filter>resource</Filter>
    </Media>
  </ItemGroup>
</Project>